{
    "version": 3,
    "terraform_version": "0.11.3",
    "serial": 8,
    "lineage": "b665a834-82b2-428d-bf45-f3998fdc687c",
    "modules": [
        {
            "path": [
                "root"
            ],
            "outputs": {},
            "resources": {
                "aws_cloudwatch_metric_alarm.billingAlert": {
                    "type": "aws_cloudwatch_metric_alarm",
                    "depends_on": [
                        "aws_sns_topic.sms_notification"
                    ],
                    "primary": {
                        "id": "billingAlert",
                        "attributes": {
                            "actions_enabled": "true",
                            "alarm_actions.#": "1",
                            "alarm_actions.3441824573": "arn:aws:sns:us-east-1:181999802870:sms-notification-topic",
                            "alarm_description": "Sends SMS when billing is above 10$",
                            "alarm_name": "billingAlert",
                            "comparison_operator": "GreaterThanOrEqualToThreshold",
                            "datapoints_to_alarm": "0",
                            "dimensions.%": "0",
                            "evaluate_low_sample_count_percentiles": "",
                            "evaluation_periods": "1",
                            "extended_statistic": "",
                            "id": "billingAlert",
                            "insufficient_data_actions.#": "0",
                            "metric_name": "EstimatedCharges",
                            "namespace": "AWS/Billing",
                            "ok_actions.#": "0",
                            "period": "3600",
                            "statistic": "Maximum",
                            "threshold": "10",
                            "treat_missing_data": "missing",
                            "unit": ""
                        },
                        "meta": {
                            "schema_version": "1"
                        },
                        "tainted": false
                    },
                    "deposed": [],
                    "provider": "provider.aws"
                },
                "aws_sns_topic.sms_notification": {
                    "type": "aws_sns_topic",
                    "depends_on": [],
                    "primary": {
                        "id": "arn:aws:sns:us-east-1:181999802870:sms-notification-topic",
                        "attributes": {
                            "arn": "arn:aws:sns:us-east-1:181999802870:sms-notification-topic",
                            "display_name": "",
                            "id": "arn:aws:sns:us-east-1:181999802870:sms-notification-topic",
                            "name": "sms-notification-topic",
                            "policy": "{\"Id\":\"__default_policy_ID\",\"Statement\":[{\"Action\":[\"SNS:GetTopicAttributes\",\"SNS:SetTopicAttributes\",\"SNS:AddPermission\",\"SNS:RemovePermission\",\"SNS:DeleteTopic\",\"SNS:Subscribe\",\"SNS:ListSubscriptionsByTopic\",\"SNS:Publish\",\"SNS:Receive\"],\"Condition\":{\"StringEquals\":{\"AWS:SourceOwner\":\"181999802870\"}},\"Effect\":\"Allow\",\"Principal\":{\"AWS\":\"*\"},\"Resource\":\"arn:aws:sns:us-east-1:181999802870:sms-notification-topic\",\"Sid\":\"__default_statement_ID\"}],\"Version\":\"2008-10-17\"}"
                        },
                        "meta": {},
                        "tainted": false
                    },
                    "deposed": [],
                    "provider": "provider.aws"
                },
                "aws_sns_topic_subscription.billing_sms": {
                    "type": "aws_sns_topic_subscription",
                    "depends_on": [
                        "aws_sns_topic.sms_notification"
                    ],
                    "primary": {
                        "id": "arn:aws:sns:us-east-1:181999802870:sms-notification-topic:2770f2ee-1e93-40bf-9185-1f404c97f685",
                        "attributes": {
                            "arn": "arn:aws:sns:us-east-1:181999802870:sms-notification-topic:2770f2ee-1e93-40bf-9185-1f404c97f685",
                            "confirmation_timeout_in_minutes": "1",
                            "endpoint": "+40760080301",
                            "endpoint_auto_confirms": "false",
                            "id": "arn:aws:sns:us-east-1:181999802870:sms-notification-topic:2770f2ee-1e93-40bf-9185-1f404c97f685",
                            "protocol": "sms",
                            "raw_message_delivery": "false",
                            "topic_arn": "arn:aws:sns:us-east-1:181999802870:sms-notification-topic"
                        },
                        "meta": {},
                        "tainted": false
                    },
                    "deposed": [],
                    "provider": "provider.aws"
                }
            },
            "depends_on": []
        }
    ]
}
